<?xml version="1.0" encoding="UTF-8" standalone="yes" ?>
<CodeBlocks_project_file>
	<FileVersion major="1" minor="6" />
	<Project>
		<Option title="The Game" />
		<Option pch_mode="2" />
		<Option compiler="gcc" />
		<Build>
			<Target title="Debug">
				<Option output="bin/Debug/The Game" prefix_auto="1" extension_auto="1" />
				<Option object_output="obj/Debug/" />
				<Option type="1" />
				<Option compiler="gcc" />
				<Compiler>
					<Add option="-g" />
					<Add directory="./" />
					<Add directory="include" />
				</Compiler>
			</Target>
			<Target title="Release">
				<Option output="bin/Release/The Game" prefix_auto="1" extension_auto="1" />
				<Option object_output="obj/Release/" />
				<Option type="0" />
				<Option compiler="gcc" />
				<Compiler>
					<Add option="-O2" />
					<Add directory="./" />
					<Add directory="include" />
				</Compiler>
				<Linker>
					<Add option="-s" />
				</Linker>
			</Target>
		</Build>
		<Compiler>
			<Add option="-Wall" />
			<Add directory="C:/Users/win/Downloads/SDL2-2.28.5/x86_64-w64-mingw32/include" />
		</Compiler>
		<Linker>
			<Add library="mingw32" />
			<Add library="SDL2main" />
			<Add library="SDL2.dll" />
			<Add library="user32" />
			<Add library="gdi32" />
			<Add library="winmm" />
			<Add library="dxguid" />
			<Add directory="C:/Users/win/Downloads/SDL2-2.28.5/x86_64-w64-mingw32/lib" />
		</Linker>
		<ExtraCommands>
			<Add after="XCOPY $(#sdl2)\bin\*.dll $(TARGET_OUTPUT_DIR) /D /Y" />
		</ExtraCommands>
		<Unit filename="abc.cpp" />
		<Unit filename="include/core/Collision.h" />
		<Unit filename="include/core/Game.h" />
		<Unit filename="include/core/Map.h" />
		<Unit filename="include/core/Texture.h" />
		<Unit filename="include/core/Vector2D.h" />
		<Unit filename="include/gameObject/CollisionComponent.h" />
		<Unit filename="include/gameObject/Components.h" />
		<Unit filename="include/gameObject/ECS.h" />
		<Unit filename="include/gameObject/KeyboardControl.h" />
		<Unit filename="include/gameObject/SpriteComponent.h" />
		<Unit filename="include/gameObject/TransformComponent.h" />
		<Unit filename="include/gameObject/gameObject.h" />
		<Unit filename="main.cpp" />
		<Unit filename="res/graphic/back_ground.png" />
		<Unit filename="res/graphic/cloud_1.png" />
		<Unit filename="res/graphic/cloud_2.png" />
		<Unit filename="res/graphic/ground.png" />
		<Unit filename="res/graphic/main_char.png" />
		<Unit filename="res/graphic/tree.png" />
		<Unit filename="src/core/Collision.cpp" />
		<Unit filename="src/core/Game.cpp" />
		<Unit filename="src/core/Map.cpp" />
		<Unit filename="src/core/Texture.cpp" />
		<Unit filename="src/core/Vector2D.cpp" />
		<Unit filename="src/gameObject/gameObject.cpp" />
		<Extensions>
			<lib_finder disable_auto="1" />
		</Extensions>
	</Project>
</CodeBlocks_project_file>
